github.com/mozzzzy/arguments v0.0.0-20200303145902-1b3138602574 h1:2uxgXqVh+kag4M8gkeEKGKrXfDvTNvcdZLl5TUiqsXg=
github.com/mozzzzy/arguments v0.0.0-20200303145902-1b3138602574/go.mod h1:fesMAMgjg41iP2K9pQfiJZMyE2yHS/nz+rp2hFDpMoc=
github.com/mozzzzy/arguments v1.0.0 h1:O/vi6hdux+yhw+4SlZKb/fonVlprIxU/+vVSxa+u7m8=
github.com/mozzzzy/arguments v1.0.0/go.mod h1:b3VhWrB86WiebSQPnareIYqKcIvhyvu6lGTa6boo+wA=
github.com/mozzzzy/config v0.0.0-20200308025728-1f5dde507953 h1:qXvLz3+uItWQGXG1kp9nj+TwI1um5o8PgR31LblI8e0=
github.com/mozzzzy/config v0.0.0-20200308025728-1f5dde507953/go.mod h1:XgdXiOtNaI060tw14HbRgcjtdpc04dojK6fcVOfUzPo=
github.com/mozzzzy/config v1.0.0 h1:H1M/Yst+aeXAoltC6nX+aAreQF0BYTj55ascik525dU=
github.com/mozzzzy/config v1.0.0/go.mod h1:jhGINxNhynXYfKJJqrZNNzwKNSyfl7PFgkf+mnjwlzU=
github.com/mozzzzy/logger v0.0.0-20200229105440-3e7b92e542d0 h1:mDsNnEaKSHm7sjokAUqCCUF+Lj8B166j/ldidN1FPrM=
github.com/mozzzzy/logger v0.0.0-20200229105440-3e7b92e542d0/go.mod h1:IYoWkMQG/oOF133mzviZ95HFuWoXhzQWOnvJp2gg4Hw=
github.com/mozzzzy/logger v1.0.0 h1:fcP1CZbdnsup6F8TshOG/qewZ9494w+OnbUMzJoFcxw=
github.com/mozzzzy/logger v1.0.0/go.mod h1:LJ7mR3zAwWGFD2NLOPKFKAUoQxPCbqrfXMk3vkNTc5Y=
